
Microsoft Visual Studio Solution File, Format Version 12.00
# Visual Studio Version 16
VisualStudioVersion = 16.0.29806.167
MinimumVisualStudioVersion = 10.0.40219.1
Project("{9A19103F-16F7-4668-BE54-9A1E7A4F7556}") = "FlightPrices.WebAPI", "FlightPrices.Skyscanner.WebAPI\FlightPrices.WebAPI.csproj", "{79E09276-27BC-44BA-A424-1769B8992448}"
EndProject
Project("{2150E333-8FDC-42A3-9474-1A3956D46DE8}") = "Solution Items", "Solution Items", "{F5B7F700-120A-4878-8CC3-D0CE4119C45B}"
	ProjectSection(SolutionItems) = preProject
		.editorconfig = .editorconfig
	EndProjectSection
EndProject
Project("{9A19103F-16F7-4668-BE54-9A1E7A4F7556}") = "FlightPrices.WebApp", "FlightPrices.WebApp\FlightPrices.WebApp.csproj", "{1CB2EF68-43CE-4789-B3B9-A0388D6EE881}"
EndProject
Project("{9A19103F-16F7-4668-BE54-9A1E7A4F7556}") = "FlightPrices.Tests", "FlightPrices.Tests\FlightPrices.Tests.csproj", "{54C3B55C-F21F-44C2-821F-B684BC9EE8DC}"
EndProject
Global
	GlobalSection(SolutionConfigurationPlatforms) = preSolution
		Debug|Any CPU = Debug|Any CPU
		Release|Any CPU = Release|Any CPU
	EndGlobalSection
	GlobalSection(ProjectConfigurationPlatforms) = postSolution
		{79E09276-27BC-44BA-A424-1769B8992448}.Debug|Any CPU.ActiveCfg = Debug|Any CPU
		{79E09276-27BC-44BA-A424-1769B8992448}.Debug|Any CPU.Build.0 = Debug|Any CPU
		{79E09276-27BC-44BA-A424-1769B8992448}.Release|Any CPU.ActiveCfg = Release|Any CPU
		{79E09276-27BC-44BA-A424-1769B8992448}.Release|Any CPU.Build.0 = Release|Any CPU
		{1CB2EF68-43CE-4789-B3B9-A0388D6EE881}.Debug|Any CPU.ActiveCfg = Debug|Any CPU
		{1CB2EF68-43CE-4789-B3B9-A0388D6EE881}.Debug|Any CPU.Build.0 = Debug|Any CPU
		{1CB2EF68-43CE-4789-B3B9-A0388D6EE881}.Release|Any CPU.ActiveCfg = Release|Any CPU
		{1CB2EF68-43CE-4789-B3B9-A0388D6EE881}.Release|Any CPU.Build.0 = Release|Any CPU
		{54C3B55C-F21F-44C2-821F-B684BC9EE8DC}.Debug|Any CPU.ActiveCfg = Debug|Any CPU
		{54C3B55C-F21F-44C2-821F-B684BC9EE8DC}.Debug|Any CPU.Build.0 = Debug|Any CPU
		{54C3B55C-F21F-44C2-821F-B684BC9EE8DC}.Release|Any CPU.ActiveCfg = Release|Any CPU
		{54C3B55C-F21F-44C2-821F-B684BC9EE8DC}.Release|Any CPU.Build.0 = Release|Any CPU
	EndGlobalSection
	GlobalSection(SolutionProperties) = preSolution
		HideSolutionNode = FALSE
	EndGlobalSection
	GlobalSection(ExtensibilityGlobals) = postSolution
		SolutionGuid = {70664F1B-93DB-4A6D-A90D-A709754A8D07}
	EndGlobalSection
EndGlobal
